
Microsoft Visual Studio Solution File, Format Version 12.00
# Visual Studio Version 17
VisualStudioVersion = 17.0.31903.59
MinimumVisualStudioVersion = 10.0.40219.1
Project("{2150E333-8FDC-42A3-9474-1A3956D46DE8}") = "src", "src", "{F072ED28-D443-43D3-83EC-AC2A4F3778AC}"
	ProjectSection(SolutionItems) = preProject
		src\UML Proyecto v1.png = src\UML Proyecto v1.png
		src\UML Code v1 = src\UML Code v1
	EndProjectSection
EndProject
Project("{FAE04EC0-301F-11D3-BF4B-00C04F79EFBC}") = "Library", "src\Library\Library.csproj", "{A1D737C4-B913-464F-AF75-C57F492C267F}"
EndProject
Project("{FAE04EC0-301F-11D3-BF4B-00C04F79EFBC}") = "Program", "src\Program\Program.csproj", "{A7A762E8-FB0E-4FF8-88EE-D79EA5ED61DE}"
EndProject
Project("{2150E333-8FDC-42A3-9474-1A3956D46DE8}") = "test", "test", "{7A403D28-0890-4150-B9D6-DED0DFE4CA19}"
EndProject
Project("{FAE04EC0-301F-11D3-BF4B-00C04F79EFBC}") = "Library.Tests", "test\Library.Tests\Library.Tests.csproj", "{EF18893F-4E5E-4F94-AEE0-A3E942C7FBB0}"
EndProject
Project("{FAE04EC0-301F-11D3-BF4B-00C04F79EFBC}") = "API", "src\API\API.csproj", "{CAA253E0-5932-46D9-ADDA-9AEAB04E7DA3}"
EndProject
Global
	GlobalSection(SolutionConfigurationPlatforms) = preSolution
		Debug|Any CPU = Debug|Any CPU
		Release|Any CPU = Release|Any CPU
	EndGlobalSection
	GlobalSection(SolutionProperties) = preSolution
		HideSolutionNode = FALSE
	EndGlobalSection
	GlobalSection(ProjectConfigurationPlatforms) = postSolution
		{A1D737C4-B913-464F-AF75-C57F492C267F}.Debug|Any CPU.ActiveCfg = Debug|Any CPU
		{A1D737C4-B913-464F-AF75-C57F492C267F}.Debug|Any CPU.Build.0 = Debug|Any CPU
		{A1D737C4-B913-464F-AF75-C57F492C267F}.Release|Any CPU.ActiveCfg = Release|Any CPU
		{A1D737C4-B913-464F-AF75-C57F492C267F}.Release|Any CPU.Build.0 = Release|Any CPU
		{A7A762E8-FB0E-4FF8-88EE-D79EA5ED61DE}.Debug|Any CPU.ActiveCfg = Debug|Any CPU
		{A7A762E8-FB0E-4FF8-88EE-D79EA5ED61DE}.Debug|Any CPU.Build.0 = Debug|Any CPU
		{A7A762E8-FB0E-4FF8-88EE-D79EA5ED61DE}.Release|Any CPU.ActiveCfg = Release|Any CPU
		{A7A762E8-FB0E-4FF8-88EE-D79EA5ED61DE}.Release|Any CPU.Build.0 = Release|Any CPU
		{EF18893F-4E5E-4F94-AEE0-A3E942C7FBB0}.Debug|Any CPU.ActiveCfg = Debug|Any CPU
		{EF18893F-4E5E-4F94-AEE0-A3E942C7FBB0}.Debug|Any CPU.Build.0 = Debug|Any CPU
		{EF18893F-4E5E-4F94-AEE0-A3E942C7FBB0}.Release|Any CPU.ActiveCfg = Release|Any CPU
		{EF18893F-4E5E-4F94-AEE0-A3E942C7FBB0}.Release|Any CPU.Build.0 = Release|Any CPU
		{CAA253E0-5932-46D9-ADDA-9AEAB04E7DA3}.Debug|Any CPU.ActiveCfg = Debug|Any CPU
		{CAA253E0-5932-46D9-ADDA-9AEAB04E7DA3}.Debug|Any CPU.Build.0 = Debug|Any CPU
		{CAA253E0-5932-46D9-ADDA-9AEAB04E7DA3}.Release|Any CPU.ActiveCfg = Release|Any CPU
		{CAA253E0-5932-46D9-ADDA-9AEAB04E7DA3}.Release|Any CPU.Build.0 = Release|Any CPU
	EndGlobalSection
	GlobalSection(NestedProjects) = preSolution
		{A1D737C4-B913-464F-AF75-C57F492C267F} = {F072ED28-D443-43D3-83EC-AC2A4F3778AC}
		{A7A762E8-FB0E-4FF8-88EE-D79EA5ED61DE} = {F072ED28-D443-43D3-83EC-AC2A4F3778AC}
		{EF18893F-4E5E-4F94-AEE0-A3E942C7FBB0} = {7A403D28-0890-4150-B9D6-DED0DFE4CA19}
		{CAA253E0-5932-46D9-ADDA-9AEAB04E7DA3} = {F072ED28-D443-43D3-83EC-AC2A4F3778AC}
	EndGlobalSection
EndGlobal
